Microsoft Visual Studio Solution File, Format Version 12.00
# Visual Studio Version 17
VisualStudioVersion = 17.5.2.0
MinimumVisualStudioVersion = 10.0.40219.1
Project("{2150E333-8FDC-42A3-9474-1A3956D46DE8}") = "src", "src", "{827E0CD3-B72D-47B6-A68D-7590B98EB39B}"
EndProject
Project("{FAE04EC0-301F-11D3-BF4B-00C04F79EFBC}") = "ElectionGuard.Core", "src\ElectionGuard.Core\ElectionGuard.Core.csproj", "{A4FFEEFD-4A34-1E0F-51FA-BFFA7094F551}"
EndProject
Project("{2150E333-8FDC-42A3-9474-1A3956D46DE8}") = "test", "test", "{07ADC7F7-E231-4B6C-A69B-2AFD655B7FDD}"
EndProject
Project("{FAE04EC0-301F-11D3-BF4B-00C04F79EFBC}") = "ElectionGuard.Core.UnitTests", "test\ElectionGuard.Core.UnitTests\ElectionGuard.Core.UnitTests.csproj", "{52F5B529-4C4C-4FCA-91F7-A8774A53959F}"
EndProject
Global
	GlobalSection(SolutionConfigurationPlatforms) = preSolution
		Debug|Any CPU = Debug|Any CPU
		Release|Any CPU = Release|Any CPU
	EndGlobalSection
	GlobalSection(ProjectConfigurationPlatforms) = postSolution
		{A4FFEEFD-4A34-1E0F-51FA-BFFA7094F551}.Debug|Any CPU.ActiveCfg = Debug|Any CPU
		{A4FFEEFD-4A34-1E0F-51FA-BFFA7094F551}.Debug|Any CPU.Build.0 = Debug|Any CPU
		{A4FFEEFD-4A34-1E0F-51FA-BFFA7094F551}.Release|Any CPU.ActiveCfg = Release|Any CPU
		{A4FFEEFD-4A34-1E0F-51FA-BFFA7094F551}.Release|Any CPU.Build.0 = Release|Any CPU
		{52F5B529-4C4C-4FCA-91F7-A8774A53959F}.Debug|Any CPU.ActiveCfg = Debug|Any CPU
		{52F5B529-4C4C-4FCA-91F7-A8774A53959F}.Debug|Any CPU.Build.0 = Debug|Any CPU
		{52F5B529-4C4C-4FCA-91F7-A8774A53959F}.Release|Any CPU.ActiveCfg = Release|Any CPU
		{52F5B529-4C4C-4FCA-91F7-A8774A53959F}.Release|Any CPU.Build.0 = Release|Any CPU
	EndGlobalSection
	GlobalSection(SolutionProperties) = preSolution
		HideSolutionNode = FALSE
	EndGlobalSection
	GlobalSection(NestedProjects) = preSolution
		{A4FFEEFD-4A34-1E0F-51FA-BFFA7094F551} = {827E0CD3-B72D-47B6-A68D-7590B98EB39B}
		{52F5B529-4C4C-4FCA-91F7-A8774A53959F} = {07ADC7F7-E231-4B6C-A69B-2AFD655B7FDD}
	EndGlobalSection
	GlobalSection(ExtensibilityGlobals) = postSolution
		SolutionGuid = {2BEAD993-0C20-4D40-81EB-B83C168D701B}
	EndGlobalSection
EndGlobal
